
Microsoft Visual Studio Solution File, Format Version 12.00
# Visual Studio Version 16
VisualStudioVersion = 16.0.31313.79
MinimumVisualStudioVersion = 10.0.40219.1
Project("{9A19103F-16F7-4668-BE54-9A1E7A4F7556}") = "TodoList", "TodoList.csproj", "{0FA7EB50-57C4-4C4D-A264-D793CF7ADA0C}"
EndProject
Global
	GlobalSection(SolutionConfigurationPlatforms) = preSolution
		Debug|Any CPU = Debug|Any CPU
		Release|Any CPU = Release|Any CPU
	EndGlobalSection
	GlobalSection(ProjectConfigurationPlatforms) = postSolution
		{0FA7EB50-57C4-4C4D-A264-D793CF7ADA0C}.Debug|Any CPU.ActiveCfg = Debug|Any CPU
		{0FA7EB50-57C4-4C4D-A264-D793CF7ADA0C}.Debug|Any CPU.Build.0 = Debug|Any CPU
		{0FA7EB50-57C4-4C4D-A264-D793CF7ADA0C}.Release|Any CPU.ActiveCfg = Release|Any CPU
		{0FA7EB50-57C4-4C4D-A264-D793CF7ADA0C}.Release|Any CPU.Build.0 = Release|Any CPU
	EndGlobalSection
	GlobalSection(SolutionProperties) = preSolution
		HideSolutionNode = FALSE
	EndGlobalSection
	GlobalSection(ExtensibilityGlobals) = postSolution
		SolutionGuid = {779C0403-25D9-4A0B-820B-9483C2803F44}
	EndGlobalSection
EndGlobal
